
Microsoft Visual Studio Solution File, Format Version 12.00
# Visual Studio Version 17
VisualStudioVersion = 17.7.34031.279
MinimumVisualStudioVersion = 10.0.40219.1
Project("{FAE04EC0-301F-11D3-BF4B-00C04F79EFBC}") = "DocHub.Ui", "DocHub.Ui\DocHub.Ui.csproj", "{9BB641BD-835C-4E67-AE20-972648479F0D}"
EndProject
Project("{2150E333-8FDC-42A3-9474-1A3956D46DE8}") = "src", "src", "{CD533EE3-DCDC-4216-A32A-B76F50F2DDDF}"
EndProject
Project("{2150E333-8FDC-42A3-9474-1A3956D46DE8}") = "tests", "tests", "{300D70EB-D0AB-4F75-9AA1-491C6680C7B9}"
EndProject
Project("{FAE04EC0-301F-11D3-BF4B-00C04F79EFBC}") = "DocHub.Core", "DocHub.Core\DocHub.Core.csproj", "{A5BA86ED-B9BC-46A9-A5AF-C0123C757ED3}"
EndProject
Project("{FAE04EC0-301F-11D3-BF4B-00C04F79EFBC}") = "DocHub.Infrastructure", "DocHub.Infrastructure\DocHub.Infrastructure.csproj", "{D2AE4BD0-C03C-4986-8AE9-8EE6E01F5A45}"
EndProject
Project("{FAE04EC0-301F-11D3-BF4B-00C04F79EFBC}") = "UnitTests", "UnitTests\UnitTests.csproj", "{2B5D3645-D23A-4303-AF43-2DBF85C8F5EF}"
EndProject
Global
	GlobalSection(SolutionConfigurationPlatforms) = preSolution
		Debug|Any CPU = Debug|Any CPU
		Release|Any CPU = Release|Any CPU
	EndGlobalSection
	GlobalSection(ProjectConfigurationPlatforms) = postSolution
		{9BB641BD-835C-4E67-AE20-972648479F0D}.Debug|Any CPU.ActiveCfg = Debug|Any CPU
		{9BB641BD-835C-4E67-AE20-972648479F0D}.Debug|Any CPU.Build.0 = Debug|Any CPU
		{9BB641BD-835C-4E67-AE20-972648479F0D}.Release|Any CPU.ActiveCfg = Release|Any CPU
		{9BB641BD-835C-4E67-AE20-972648479F0D}.Release|Any CPU.Build.0 = Release|Any CPU
		{A5BA86ED-B9BC-46A9-A5AF-C0123C757ED3}.Debug|Any CPU.ActiveCfg = Debug|Any CPU
		{A5BA86ED-B9BC-46A9-A5AF-C0123C757ED3}.Debug|Any CPU.Build.0 = Debug|Any CPU
		{A5BA86ED-B9BC-46A9-A5AF-C0123C757ED3}.Release|Any CPU.ActiveCfg = Release|Any CPU
		{A5BA86ED-B9BC-46A9-A5AF-C0123C757ED3}.Release|Any CPU.Build.0 = Release|Any CPU
		{D2AE4BD0-C03C-4986-8AE9-8EE6E01F5A45}.Debug|Any CPU.ActiveCfg = Debug|Any CPU
		{D2AE4BD0-C03C-4986-8AE9-8EE6E01F5A45}.Debug|Any CPU.Build.0 = Debug|Any CPU
		{D2AE4BD0-C03C-4986-8AE9-8EE6E01F5A45}.Release|Any CPU.ActiveCfg = Release|Any CPU
		{D2AE4BD0-C03C-4986-8AE9-8EE6E01F5A45}.Release|Any CPU.Build.0 = Release|Any CPU
		{2B5D3645-D23A-4303-AF43-2DBF85C8F5EF}.Debug|Any CPU.ActiveCfg = Debug|Any CPU
		{2B5D3645-D23A-4303-AF43-2DBF85C8F5EF}.Debug|Any CPU.Build.0 = Debug|Any CPU
		{2B5D3645-D23A-4303-AF43-2DBF85C8F5EF}.Release|Any CPU.ActiveCfg = Release|Any CPU
		{2B5D3645-D23A-4303-AF43-2DBF85C8F5EF}.Release|Any CPU.Build.0 = Release|Any CPU
	EndGlobalSection
	GlobalSection(SolutionProperties) = preSolution
		HideSolutionNode = FALSE
	EndGlobalSection
	GlobalSection(NestedProjects) = preSolution
		{9BB641BD-835C-4E67-AE20-972648479F0D} = {CD533EE3-DCDC-4216-A32A-B76F50F2DDDF}
		{A5BA86ED-B9BC-46A9-A5AF-C0123C757ED3} = {CD533EE3-DCDC-4216-A32A-B76F50F2DDDF}
		{D2AE4BD0-C03C-4986-8AE9-8EE6E01F5A45} = {CD533EE3-DCDC-4216-A32A-B76F50F2DDDF}
		{2B5D3645-D23A-4303-AF43-2DBF85C8F5EF} = {300D70EB-D0AB-4F75-9AA1-491C6680C7B9}
	EndGlobalSection
	GlobalSection(ExtensibilityGlobals) = postSolution
		SolutionGuid = {A3AA5497-AE1B-4CF6-95A3-FE58586D3595}
	EndGlobalSection
EndGlobal
